<Solution>
  <Folder Name="/src/">
    <Project Path="src/Bishop.App/Bishop.App.csproj" />
    <Project Path="src/Bishop.Cli/Bishop.Cli.csproj" />
    <Project Path="src/Bishop.Core/Bishop.Core.csproj" />
    <Project Path="src/Bishop.Data/Bishop.Data.csproj" />
    <Project Path="src/Bishop.UI/Bishop.UI.csproj" />
  </Folder>
  <Folder Name="/tests/">
    <Project Path="tests/Bishop.Tests/Bishop.Tests.csproj" />
  </Folder>
</Solution>
